{"format_version":"1.0","provider_schemas":{"registry.terraform.io/redislabs/rediscloud":{"provider":{"version":0,"block":{"attributes":{"api_key":{"type":"string","description":"This is the Redis Cloud API key. It must be provided but can also be set by the `REDISCLOUD_ACCESS_KEY` environment variable.","description_kind":"markdown","optional":true},"secret_key":{"type":"string","description":"This is the Redis Cloud API secret key. It must be provided but can also be set by the `REDISCLOUD_SECRET_KEY` environment variable.","description_kind":"markdown","optional":true},"url":{"type":"string","description":"This is the URL of Redis Cloud and will default to `https://api.redislabs.com/v1`. This can also be set by the `REDISCLOUD_URL` environment variable.","description_kind":"markdown","optional":true}},"description_kind":"plain"}},"resource_schemas":{"rediscloud_acl_role":{"version":0,"block":{"attributes":{"id":{"type":"string","description_kind":"plain","optional":true,"computed":true},"name":{"type":"string","description":"A meaningful name to identify the role, must be unique","description_kind":"markdown","required":true}},"block_types":{"rule":{"nesting_mode":"set","block":{"attributes":{"name":{"type":"string","description":"The name of the rule","description_kind":"markdown","required":true}},"block_types":{"database":{"nesting_mode":"set","block":{"attributes":{"database":{"type":"number","description":"The database (id)","description_kind":"markdown","required":true},"regions":{"type":["set","string"],"description":"For ActiveActive databases only","description_kind":"markdown","optional":true},"subscription":{"type":"number","description":"The subscription (id) to which the database belongs","description_kind":"markdown","required":true}},"description":"A set of databases to whom this rule applies within the role","description_kind":"markdown"},"min_items":1}},"description":"A set of rules which apply to the role","description_kind":"markdown"},"min_items":1},"timeouts":{"nesting_mode":"single","block":{"attributes":{"create":{"type":"string","description_kind":"plain","optional":true},"delete":{"type":"string","description_kind":"plain","optional":true},"read":{"type":"string","description_kind":"plain","optional":true},"update":{"type":"string","description_kind":"plain","optional":true}},"description_kind":"plain"}}},"description":"Create an ACL Role within your Redis Enterprise Cloud Account","description_kind":"markdown"}},"rediscloud_acl_rule":{"version":0,"block":{"attributes":{"id":{"type":"string","description_kind":"plain","optional":true,"computed":true},"name":{"type":"string","description":"A meaningful name to identify the rule, must be unique","description_kind":"markdown","required":true},"rule":{"type":"string","description":"The Rule itself, must comply with Redis' ACL syntax","description_kind":"markdown","required":true}},"block_types":{"timeouts":{"nesting_mode":"single","block":{"attributes":{"create":{"type":"string","description_kind":"plain","optional":true},"delete":{"type":"string","description_kind":"plain","optional":true},"read":{"type":"string","description_kind":"plain","optional":true},"update":{"type":"string","description_kind":"plain","optional":true}},"description_kind":"plain"}}},"description":"Create an ACL Rule within your Redis Enterprise Cloud Account","description_kind":"markdown"}},"rediscloud_acl_user":{"version":0,"block":{"attributes":{"id":{"type":"string","description_kind":"plain","optional":true,"computed":true},"name":{"type":"string","description":"A meaningful name to identify the user","description_kind":"markdown","required":true},"password":{"type":"string","description":"The user's password","description_kind":"markdown","required":true,"sensitive":true},"role":{"type":"string","description":"The role which the user has","description_kind":"markdown","required":true}},"block_types":{"timeouts":{"nesting_mode":"single","block":{"attributes":{"create":{"type":"string","description_kind":"plain","optional":true},"delete":{"type":"string","description_kind":"plain","optional":true},"read":{"type":"string","description_kind":"plain","optional":true},"update":{"type":"string","description_kind":"plain","optional":true}},"description_kind":"plain"}}},"description":"Create an ACL User within your Redis Enterprise Cloud Account","description_kind":"markdown"}},"rediscloud_active_active_private_link":{"version":0,"block":{"attributes":{"connections":{"type":["set",["object",{"association_date":"string","association_id":"string","connection_id":"string","connection_type":"string","owner_id":"string"}]],"description":"Connections attached to this PrivateLink","description_kind":"markdown","computed":true},"databases":{"type":["set",["object",{"database_id":"number","port":"number","resource_link_endpoint":"string"}]],"description_kind":"plain","computed":true},"id":{"type":"string","description_kind":"plain","optional":true,"computed":true},"region_id":{"type":"number","description":"The RedisCloud ID of the active active subscription region","description_kind":"markdown","required":true},"resource_configuration_arn":{"type":"string","description":"ARN of the resource configuration attached to this PrivateLink","description_kind":"markdown","computed":true},"resource_configuration_id":{"type":"string","description":"ID of the resource configuration to attach to this PrivateLink","description_kind":"markdown","computed":true},"share_arn":{"type":"string","description":"ARN of the share to attach to this Private Link","description_kind":"markdown","computed":true},"share_name":{"type":"string","description":"Name of this PrivateLink share","description_kind":"markdown","required":true},"subscription_id":{"type":"string","description":"The ID of the Pro subscription to attach","description_kind":"markdown","required":true}},"block_types":{"principal":{"nesting_mode":"set","block":{"attributes":{"principal":{"type":"string","description_kind":"plain","required":true},"principal_alias":{"type":"string","description_kind":"plain","optional":true},"principal_type":{"type":"string","description_kind":"plain","required":true}},"description":"List of principals attached to this PrivateLink","description_kind":"markdown"},"min_items":1},"timeouts":{"nesting_mode":"single","block":{"attributes":{"create":{"type":"string","description_kind":"plain","optional":true},"delete":{"type":"string","description_kind":"plain","optional":true},"read":{"type":"string","description_kind":"plain","optional":true}},"description_kind":"plain"}}},"description":"Manages a Private Link to an Active Active Subscription in your Redis Enterprise Cloud Account.","description_kind":"markdown"}},"rediscloud_active_active_private_service_connect":{"version":0,"block":{"attributes":{"id":{"type":"string","description_kind":"plain","optional":true,"computed":true},"private_service_connect_service_id":{"type":"number","description":"The ID of the Private Service Connect","description_kind":"markdown","computed":true},"region_id":{"type":"number","description":"The ID of the GCP region","description_kind":"markdown","required":true},"subscription_id":{"type":"string","description":"The ID of the Pro subscription to attach","description_kind":"markdown","required":true}},"block_types":{"timeouts":{"nesting_mode":"single","block":{"attributes":{"create":{"type":"string","description_kind":"plain","optional":true},"delete":{"type":"string","description_kind":"plain","optional":true},"read":{"type":"string","description_kind":"plain","optional":true}},"description_kind":"plain"}}},"description":"Manages a Private Service Connect to an Active-Active Subscription in your Redis Enterprise Cloud Account.","description_kind":"markdown"}},"rediscloud_active_active_private_service_connect_endpoint":{"version":0,"block":{"attributes":{"endpoint_connection_name":{"type":"string","description":"The endpoint connection name prefix. This prefix that will be used to create the Private Service Connect endpoint in your Google Cloud account","description_kind":"markdown","required":true},"gcp_project_id":{"type":"string","description":"The Google Cloud Project ID","description_kind":"markdown","required":true},"gcp_vpc_name":{"type":"string","description":"The GCP VPC Network name","description_kind":"markdown","required":true},"gcp_vpc_subnet_name":{"type":"string","description":"The GCP Subnet name","description_kind":"markdown","required":true},"id":{"type":"string","description_kind":"plain","optional":true,"computed":true},"private_service_connect_endpoint_id":{"type":"number","description":"The ID of the Private Service Connect Endpoint","description_kind":"markdown","computed":true},"private_service_connect_service_id":{"type":"number","description":"The ID of the Private Service Connect","description_kind":"markdown","required":true},"region_id":{"type":"number","description":"The ID of the GCP region","description_kind":"markdown","required":true},"service_attachments":{"type":["list",["object",{"dns_record":"string","forwarding_rule_name":"string","ip_address_name":"string","name":"string"}]],"description":"The service attachments that were created for the Private Service Connect endpoint","description_kind":"markdown","computed":true},"subscription_id":{"type":"string","description":"The ID of the Pro subscription to attach","description_kind":"markdown","required":true}},"block_types":{"timeouts":{"nesting_mode":"single","block":{"attributes":{"create":{"type":"string","description_kind":"plain","optional":true},"delete":{"type":"string","description_kind":"plain","optional":true},"read":{"type":"string","description_kind":"plain","optional":true}},"description_kind":"plain"}}},"description":"Manages a Private Service Connect Endpoint to an  Active-Active Subscription in your Redis Enterprise Cloud Account.","description_kind":"markdown"}},"rediscloud_active_active_private_service_connect_endpoint_accepter":{"version":0,"block":{"attributes":{"action":{"type":"string","description":"Accept or reject the endpoint","description_kind":"markdown","required":true},"id":{"type":"string","description_kind":"plain","optional":true,"computed":true},"private_service_connect_endpoint_id":{"type":"number","description":"The ID of the Private Service Connect Endpoint","description_kind":"markdown","required":true},"private_service_connect_service_id":{"type":"number","description":"The ID of the Private Service Connect","description_kind":"markdown","required":true},"region_id":{"type":"number","description":"The ID of the GCP region","description_kind":"markdown","required":true},"subscription_id":{"type":"string","description":"The ID of the Pro subscription to attach","description_kind":"markdown","required":true}},"block_types":{"timeouts":{"nesting_mode":"single","block":{"attributes":{"create":{"type":"string","description_kind":"plain","optional":true},"delete":{"type":"string","description_kind":"plain","optional":true},"read":{"type":"string","description_kind":"plain","optional":true},"update":{"type":"string","description_kind":"plain","optional":true}},"description_kind":"plain"}}},"description":"Manages the state of Private Service Connect Endpoint to an Active-Active Subscription in your Redis Enterprise Cloud Account.","description_kind":"markdown"}},"rediscloud_active_active_subscription":{"version":0,"block":{"attributes":{"cloud_provider":{"type":"string","description":"A cloud provider string either GCP or AWS","description_kind":"markdown","optional":true},"customer_managed_key_deletion_grace_period":{"type":"string","description":"The grace period for deleting the subscription. If not set, will default to immediate deletion grace period.","description_kind":"markdown","optional":true},"customer_managed_key_enabled":{"type":"bool","description":"Whether to enable CMK (customer managed key) for the subscription. If this is true, then the subscription will be put in a pending state until you supply the CMEK. See documentation for further details on this process. Defaults to false.","description_kind":"markdown","optional":true},"customer_managed_key_redis_service_account":{"type":"string","description":"The principal of the Redis service account that the subscription is created in. This is used by the user to give access to their customer managed key","description_kind":"markdown","computed":true},"id":{"type":"string","description_kind":"plain","optional":true,"computed":true},"name":{"type":"string","description":"A meaningful name to identify the subscription","description_kind":"markdown","optional":true},"payment_method":{"type":"string","description":"Payment method for the requested subscription. If credit card is specified, the payment method id must be defined. This information is only used when creating a new subscription and any changes will be ignored after this.","description_kind":"markdown","optional":true},"payment_method_id":{"type":"string","description":"A valid payment method pre-defined in the current account","description_kind":"markdown","optional":true,"computed":true},"pricing":{"type":["list",["object",{"database_name":"string","price_currency":"string","price_per_unit":"number","price_period":"string","quantity":"number","quantity_measurement":"string","region":"string","type":"string","type_details":"string"}]],"description":"Pricing details totalled over this Subscription","description_kind":"markdown","computed":true},"redis_version":{"type":"string","description":"Version of Redis to create","description_kind":"markdown","optional":true}},"block_types":{"creation_plan":{"nesting_mode":"list","block":{"attributes":{"dataset_size_in_gb":{"type":"number","description":"Maximum amount of data in the dataset for this specific database in GB","description_kind":"markdown","optional":true},"memory_limit_in_gb":{"type":"number","description":"(Deprecated) Maximum memory usage for this specific database","description_kind":"markdown","optional":true},"modules":{"type":["list","string"],"description":"Modules that will be used by the databases in this subscription.","description_kind":"markdown","optional":true},"quantity":{"type":"number","description":"The planned number of databases","description_kind":"markdown","required":true}},"block_types":{"region":{"nesting_mode":"set","block":{"attributes":{"networking_deployment_cidr":{"type":"string","description":"Deployment CIDR mask","description_kind":"markdown","required":true},"read_operations_per_second":{"type":"number","description":"Write operations per second for creation plan databases","description_kind":"markdown","required":true},"region":{"type":"string","description":"Deployment region as defined by cloud provider","description_kind":"markdown","required":true},"write_operations_per_second":{"type":"number","description":"Write operations per second for creation plan databases","description_kind":"markdown","required":true}},"description":"Cloud networking details, per region (multiple regions for Active-Active cluster)","description_kind":"markdown"},"min_items":1}},"description":"Information about the planned databases used to optimise the database infrastructure. This information is only used when creating a new subscription and any changes will be ignored after this.","description_kind":"markdown"},"max_items":1},"customer_managed_key":{"nesting_mode":"list","block":{"attributes":{"region":{"type":"string","description":"Name of region for the customer managed key as defined by the cloud provider.","description_kind":"markdown","required":true},"resource_name":{"type":"string","description":"Resource name of the customer managed key as defined by the cloud provider, e.g. projects/PROJECT_ID/locations/LOCATION/keyRings/KEY_RING/cryptoKeys/KEY_NAME","description_kind":"markdown","required":true}},"description":"CMK resources used to encrypt the databases in this subscription. Ignored if `customer_managed_key_enabled` set to false. See documentation for CMK flow.","description_kind":"markdown"}},"maintenance_windows":{"nesting_mode":"list","block":{"attributes":{"mode":{"type":"string","description":"Either automatic (Redis specified) or manual (User specified)","description_kind":"markdown","required":true}},"block_types":{"window":{"nesting_mode":"list","block":{"attributes":{"days":{"type":["list","string"],"description":"A list of days on which the window is open ('Monday', 'Tuesday' etc)","description_kind":"markdown","required":true},"duration_in_hours":{"type":"number","description":"How long maintenance may take","description_kind":"markdown","required":true},"start_hour":{"type":"number","description":"What hour in the day (0-23) may maintenance start","description_kind":"markdown","required":true}},"description":"A list of maintenance windows for manual-mode","description_kind":"markdown"}}},"description":"Specify the subscription's maintenance windows","description_kind":"markdown"},"max_items":1},"timeouts":{"nesting_mode":"single","block":{"attributes":{"create":{"type":"string","description_kind":"plain","optional":true},"delete":{"type":"string","description_kind":"plain","optional":true},"read":{"type":"string","description_kind":"plain","optional":true},"update":{"type":"string","description_kind":"plain","optional":true}},"description_kind":"plain"}}},"description":"Creates an Active-Active Subscription within your Redis Enterprise Cloud Account.","description_kind":"markdown"}},"rediscloud_active_active_subscription_database":{"version":0,"block":{"attributes":{"client_ssl_certificate":{"type":"string","description":"SSL certificate to authenticate user connections.","description_kind":"markdown","optional":true},"client_tls_certificates":{"type":["list","string"],"description":"TLS certificates to authenticate user connections","description_kind":"markdown","optional":true},"data_eviction":{"type":"string","description":"Data eviction items policy","description_kind":"markdown","optional":true},"dataset_size_in_gb":{"type":"number","description":"Maximum amount of data in the dataset for this specific database in GB","description_kind":"markdown","optional":true,"computed":true},"db_id":{"type":"number","description":"Identifier of the database created","description_kind":"markdown","computed":true},"enable_tls":{"type":"bool","description":"Use TLS for authentication.","description_kind":"markdown","optional":true},"external_endpoint_for_oss_cluster_api":{"type":"bool","description":"Should use the external endpoint for open-source (OSS) Cluster API","description_kind":"markdown","optional":true},"global_data_persistence":{"type":"string","description":"Rate of database data persistence (in persistent storage)","description_kind":"markdown","optional":true},"global_modules":{"type":["list","string"],"description":"List of modules to enable on the database. This information is only used when creating a new database and any changes will be ignored after this.","description_kind":"markdown","optional":true},"global_password":{"type":"string","description":"Password used to access the database. If left empty, the password will be generated automatically","description_kind":"markdown","optional":true,"computed":true,"sensitive":true},"global_resp_version":{"type":"string","description":"The initial RESP version for all databases provisioned under this AA database. This information is only used when creating a new database and any changes will be ignored after this.","description_kind":"markdown","optional":true},"global_source_ips":{"type":["set","string"],"description":"Set of CIDR addresses to allow access to the database","description_kind":"markdown","optional":true},"id":{"type":"string","description_kind":"plain","optional":true,"computed":true},"memory_limit_in_gb":{"type":"number","description":"(Deprecated) Maximum memory usage for this specific database","description_kind":"markdown","optional":true,"computed":true},"name":{"type":"string","description":"A meaningful name to identify the database","description_kind":"markdown","required":true},"port":{"type":"number","description":"TCP port on which the database is available","description_kind":"markdown","optional":true},"private_endpoint":{"type":["map","string"],"description":"Region public and private endpoints to access the database","description_kind":"markdown","computed":true},"public_endpoint":{"type":["map","string"],"description":"Region public and private endpoints to access the database","description_kind":"markdown","computed":true},"redis_version":{"type":"string","description":"Defines the Redis database version. If omitted, the Redis version will be set to the default version","description_kind":"markdown","optional":true,"computed":true},"subscription_id":{"type":"number","description":"Identifier of the subscription","description_kind":"markdown","required":true},"support_oss_cluster_api":{"type":"bool","description":"Support Redis open-source (OSS) Cluster API","description_kind":"markdown","optional":true},"tags":{"type":["map","string"],"description":"Tags for database management","description_kind":"markdown","optional":true}},"block_types":{"global_alert":{"nesting_mode":"set","block":{"attributes":{"name":{"type":"string","description":"Alert name","description_kind":"markdown","required":true},"value":{"type":"number","description":"Alert value","description_kind":"markdown","required":true}},"description":"Set of alerts to enable on the database","description_kind":"markdown"}},"override_region":{"nesting_mode":"set","block":{"attributes":{"name":{"type":"string","description":"Region name","description_kind":"markdown","required":true},"override_global_data_persistence":{"type":"string","description":"Rate of database data persistence (in persistent storage)","description_kind":"markdown","optional":true},"override_global_password":{"type":"string","description":"Password used to access the database. If left empty, the password will be generated automatically","description_kind":"markdown","optional":true,"sensitive":true},"override_global_source_ips":{"type":["set","string"],"description":"Set of CIDR addresses to allow access to the database","description_kind":"markdown","optional":true}},"block_types":{"override_global_alert":{"nesting_mode":"set","block":{"attributes":{"name":{"type":"string","description":"Alert name","description_kind":"markdown","required":true},"value":{"type":"number","description":"Alert value","description_kind":"markdown","required":true}},"description":"Set of alerts to enable on the database","description_kind":"markdown"}},"remote_backup":{"nesting_mode":"list","block":{"attributes":{"interval":{"type":"string","description":"Defines the frequency of the automatic backup","description_kind":"markdown","required":true},"storage_path":{"type":"string","description":"Defines a URI representing the backup storage location","description_kind":"markdown","required":true},"storage_type":{"type":"string","description":"Defines the provider of the storage location","description_kind":"markdown","required":true},"time_utc":{"type":"string","description":"Defines the hour automatic backups are made - only applicable when interval is `every-12-hours` or `every-24-hours`","description_kind":"markdown","optional":true}},"description":"An object that specifies the backup options for the database in this region","description_kind":"markdown"},"max_items":1}},"description":"Region-specific configuration parameters to override the global configuration","description_kind":"markdown"}},"timeouts":{"nesting_mode":"single","block":{"attributes":{"create":{"type":"string","description_kind":"plain","optional":true},"delete":{"type":"string","description_kind":"plain","optional":true},"read":{"type":"string","description_kind":"plain","optional":true},"update":{"type":"string","description_kind":"plain","optional":true}},"description_kind":"plain"}}},"description":"Creates database resource within an active-active subscription in your Redis Enterprise Cloud Account.","description_kind":"markdown"}},"rediscloud_active_active_subscription_peering":{"version":0,"block":{"attributes":{"aws_account_id":{"type":"string","description":"AWS account id that the VPC to be peered lives in","description_kind":"markdown","optional":true,"computed":true},"aws_peering_id":{"type":"string","description":"Identifier of the AWS cloud peering","description_kind":"markdown","computed":true},"destination_region":{"type":"string","description":"AWS Region that the VPC to be peered lives in","description_kind":"markdown","optional":true,"computed":true},"gcp_network_name":{"type":"string","description":"The name of the network to be peered","description_kind":"markdown","optional":true,"computed":true},"gcp_peering_id":{"type":"string","description":"Identifier of the cloud peering","description_kind":"markdown","computed":true},"gcp_project_id":{"type":"string","description":"GCP project ID that the VPC to be peered lives in","description_kind":"markdown","optional":true,"computed":true},"gcp_redis_network_name":{"type":"string","description":"The name of the Redis Enterprise Cloud network to be peered","description_kind":"markdown","computed":true},"gcp_redis_project_id":{"type":"string","description":"Identifier of the Redis Enterprise Cloud GCP project to be peered","description_kind":"markdown","computed":true},"id":{"type":"string","description_kind":"plain","optional":true,"computed":true},"provider_name":{"type":"string","description":"The cloud provider to use with the vpc peering, (either `AWS` or `GCP`)","description_kind":"markdown","optional":true},"source_region":{"type":"string","description":"AWS or GCP Region that the VPC to be peered lives in","description_kind":"markdown","optional":true,"computed":true},"status":{"type":"string","description":"Current status of the account - `initiating-request`, `pending-acceptance`, `active`, `inactive` or `failed`","description_kind":"markdown","computed":true},"subscription_id":{"type":"string","description":"A valid subscription predefined in the current account","description_kind":"markdown","required":true},"vpc_cidr":{"type":"string","description":"CIDR range of the VPC to be peered","description_kind":"markdown","optional":true,"computed":true},"vpc_cidrs":{"type":["set","string"],"description":"CIDR ranges of the VPC to be peered","description_kind":"markdown","optional":true,"computed":true},"vpc_id":{"type":"string","description":"Identifier of the VPC to be peered","description_kind":"markdown","optional":true,"computed":true}},"block_types":{"timeouts":{"nesting_mode":"single","block":{"attributes":{"create":{"type":"string","description_kind":"plain","optional":true},"delete":{"type":"string","description_kind":"plain","optional":true},"read":{"type":"string","description_kind":"plain","optional":true}},"description_kind":"plain"}}},"description":"Creates a VPC peering for an existing Redis Enterprise Cloud Active-Active Subscription, allowing access to your subscription databases as if they were on the same network.","description_kind":"markdown"}},"rediscloud_active_active_subscription_regions":{"version":0,"block":{"attributes":{"delete_regions":{"type":"bool","description":"Delete regions flag has to be set for re-creating and deleting regions","description_kind":"markdown","optional":true},"id":{"type":"string","description_kind":"plain","optional":true,"computed":true},"subscription_id":{"type":"string","description":"ID of the subscription that the regions belong to","description_kind":"markdown","required":true}},"block_types":{"region":{"nesting_mode":"set","block":{"attributes":{"local_resp_version":{"type":"string","description":"The initial RESP version for all databases provisioned under this region.","description_kind":"markdown","optional":true},"networking_deployment_cidr":{"type":"string","description":"Deployment CIDR mask","description_kind":"markdown","required":true},"recreate_region":{"type":"bool","description":"Defines whether the regions should be re-created","description_kind":"markdown","optional":true},"region":{"type":"string","description":"Deployment region as defined by cloud provider","description_kind":"markdown","required":true},"region_id":{"type":"number","description":"The region id","description_kind":"markdown","computed":true},"vpc_id":{"type":"string","description":"Identifier of the VPC to be peered","description_kind":"markdown","computed":true}},"block_types":{"database":{"nesting_mode":"set","block":{"attributes":{"database_id":{"type":"number","description":"A numeric id for the database","description_kind":"markdown","required":true},"database_name":{"type":"string","description":"A meaningful name to identify the database","description_kind":"markdown","required":true},"local_read_operations_per_second":{"type":"number","description":"Write operations per second for creation plan databases","description_kind":"markdown","required":true},"local_write_operations_per_second":{"type":"number","description":"Write operations per second for creation plan databases","description_kind":"markdown","required":true}},"description":"The database resource","description_kind":"markdown"},"min_items":1}},"description":"Cloud networking details, per region (multiple regions for Active-Active cluster)","description_kind":"markdown"},"min_items":1},"timeouts":{"nesting_mode":"single","block":{"attributes":{"create":{"type":"string","description_kind":"plain","optional":true},"delete":{"type":"string","description_kind":"plain","optional":true},"read":{"type":"string","description_kind":"plain","optional":true},"update":{"type":"string","description_kind":"plain","optional":true}},"description_kind":"plain"}}},"description":"Creates an Active Active Region within your Redis Enterprise Cloud Account.","description_kind":"markdown"}},"rediscloud_active_active_transit_gateway_attachment":{"version":0,"block":{"attributes":{"attachment_status":{"type":"string","description":"The status of the Subscription/Transit Gateway attachment, if established","description_kind":"markdown","computed":true},"attachment_uid":{"type":"string","description":"A unique identifier for the Subscription/Transit Gateway attachment, if established","description_kind":"markdown","computed":true},"aws_account_id":{"type":"string","description":"The Transit Gateway's AWS account id","description_kind":"markdown","computed":true},"aws_tgw_uid":{"type":"string","description":"The id of the Transit Gateway as known to AWS","description_kind":"markdown","computed":true},"cidrs":{"type":["list","string"],"description":"A list of consumer Cidr blocks.","description_kind":"markdown","optional":true,"computed":true},"id":{"type":"string","description_kind":"plain","optional":true,"computed":true},"region_id":{"type":"string","description":"The id of the AWS region","description_kind":"markdown","required":true},"status":{"type":"string","description":"The status of the Transit Gateway","description_kind":"markdown","computed":true},"subscription_id":{"type":"string","description":"The id of the Pro/Flexible subscription to attach","description_kind":"markdown","required":true},"tgw_id":{"type":"number","description":"The id of the Transit Gateway to attach to","description_kind":"markdown","required":true}},"block_types":{"timeouts":{"nesting_mode":"single","block":{"attributes":{"create":{"type":"string","description_kind":"plain","optional":true},"delete":{"type":"string","description_kind":"plain","optional":true},"read":{"type":"string","description_kind":"plain","optional":true},"update":{"type":"string","description_kind":"plain","optional":true}},"description_kind":"plain"}}},"description":"Manages a Transit Gateway Attachment to an Active Active Subscription in your Redis Enterprise Cloud Account.","description_kind":"markdown"}},"rediscloud_cloud_account":{"version":0,"block":{"attributes":{"access_key_id":{"type":"string","description":"Cloud provider access key","description_kind":"markdown","required":true},"access_secret_key":{"type":"string","description":"Cloud provider secret key","description_kind":"markdown","required":true,"sensitive":true},"console_password":{"type":"string","description":"Cloud provider management console password","description_kind":"markdown","required":true,"sensitive":true},"console_username":{"type":"string","description":"Cloud provider management console username","description_kind":"markdown","required":true},"id":{"type":"string","description_kind":"plain","optional":true,"computed":true},"name":{"type":"string","description":"Display name of the account","description_kind":"markdown","required":true},"provider_type":{"type":"string","description":"Cloud provider type - either `AWS` or `GCP`","description_kind":"markdown","required":true},"sign_in_login_url":{"type":"string","description":"Cloud provider management console login URL","description_kind":"markdown","required":true},"status":{"type":"string","description":"The current status of the account - `draft`, `pending` or `active`","description_kind":"markdown","computed":true}},"block_types":{"timeouts":{"nesting_mode":"single","block":{"attributes":{"create":{"type":"string","description_kind":"plain","optional":true},"delete":{"type":"string","description_kind":"plain","optional":true},"read":{"type":"string","description_kind":"plain","optional":true},"update":{"type":"string","description_kind":"plain","optional":true}},"description_kind":"plain"}}},"description":"Creates a Cloud Account resource representing the access credentials to a cloud provider account, (`AWS` or `GCP`). Your Redis Enterprise Cloud account uses these credentials to provision databases within your infrastructure. ","description_kind":"markdown"}},"rediscloud_essentials_database":{"version":0,"block":{"attributes":{"activated_on":{"type":"string","description":"When this database was activated","description_kind":"markdown","computed":true},"client_tls_certificates":{"type":["list","string"],"description_kind":"plain","optional":true},"cloud_provider":{"type":"string","description":"The Cloud Provider hosting this database","description_kind":"markdown","computed":true},"data_eviction":{"type":"string","description":"The data items eviction policy (either: 'allkeys-lru', 'allkeys-lfu', 'allkeys-random', 'volatile-lru', 'volatile-lfu', 'volatile-random', 'volatile-ttl' or 'noeviction'. Default: 'volatile-lru')","description_kind":"markdown","optional":true},"data_persistence":{"type":"string","description":"Rate of database data persistence (in persistent storage).","description_kind":"markdown","required":true},"db_id":{"type":"number","description":"Identifier of the database created","description_kind":"markdown","computed":true},"enable_database_clustering":{"type":"bool","description":"Distributes database data to different cloud instances","description_kind":"markdown","optional":true},"enable_default_user":{"type":"bool","description":"When 'true', enables connecting to the database with the 'default' user. Default: 'true'","description_kind":"markdown","optional":true},"enable_payg_features":{"type":"bool","description":"Enable features for PAYG databases","description_kind":"markdown","optional":true},"enable_tls":{"type":"bool","description":"Use TLS for authentication","description_kind":"markdown","optional":true},"external_endpoint_for_oss_cluster_api":{"type":"bool","description":"Should use the external endpoint for open-source (OSS) Cluster API","description_kind":"markdown","optional":true},"id":{"type":"string","description_kind":"plain","optional":true,"computed":true},"memory_limit_in_gb":{"type":"number","description":"Maximum memory usage for this specific database","description_kind":"markdown","optional":true},"modules":{"type":["set",["object",{"name":"string"}]],"description":"Modules to be provisioned in the database","description_kind":"markdown","optional":true,"computed":true},"name":{"type":"string","description":"A meaningful name to identify the database","description_kind":"markdown","required":true},"password":{"type":"string","description":"Password used to access the database. If left empty, the password will be generated automatically","description_kind":"markdown","optional":true,"computed":true,"sensitive":true},"periodic_backup_path":{"type":"string","description":"Path that will be used to store database backup files","description_kind":"markdown","optional":true},"private_endpoint":{"type":"string","description":"Private endpoint to access the database","description_kind":"markdown","computed":true},"protocol":{"type":"string","description":"The protocol that will be used to access the database, (either 'redis', 'memcached' or 'stack')","description_kind":"markdown","optional":true,"computed":true},"public_endpoint":{"type":"string","description":"Public endpoint to access the database","description_kind":"markdown","computed":true},"redis_version_compliance":{"type":"string","description":"The compliance level (redis version) of this database","description_kind":"markdown","computed":true},"regex_rules":{"type":["list","string"],"description":"Shard regex rules. Relevant only for a sharded database. Supported only for 'Pay-As-You-Go' subscriptions","description_kind":"markdown","optional":true,"computed":true},"region":{"type":"string","description":"The region within the Cloud Provider where this database is hosted","description_kind":"markdown","computed":true},"replication":{"type":"bool","description":"Database's replication","description_kind":"markdown","required":true},"resp_version":{"type":"string","description":"RESP version must be compatible with Redis version.","description_kind":"markdown","optional":true,"computed":true},"source_ips":{"type":["list","string"],"description":"Set of CIDR addresses to allow access to the database","description_kind":"markdown","optional":true},"subscription_id":{"type":"number","description":"Identifier of the essentials subscription","description_kind":"markdown","required":true},"support_oss_cluster_api":{"type":"bool","description":"Support Redis open-source (OSS) Cluster API","description_kind":"markdown","optional":true},"tags":{"type":["map","string"],"description":"Tags for database management","description_kind":"markdown","optional":true}},"block_types":{"alert":{"nesting_mode":"set","block":{"attributes":{"name":{"type":"string","description":"Alert name","description_kind":"markdown","required":true},"value":{"type":"number","description":"Alert value","description_kind":"markdown","required":true}},"description":"Set of alerts to enable on the database","description_kind":"markdown"}},"replica":{"nesting_mode":"list","block":{"block_types":{"sync_source":{"nesting_mode":"set","block":{"attributes":{"encryption":{"type":"bool","description":"Defines if encryption should be used to connect to the sync source. If not provided and if the source is a Redis Cloud instance, it will automatically detect if the source uses encryption","description_kind":"markdown","optional":true},"endpoint":{"type":"string","description":"A Redis URI (sample format: 'redis://user:password@host:port)'. If the URI provided is Redis Cloud instance, only host and port should be provided (using the format: ['redis://endpoint1:6379', 'redis://endpoint2:6380'])","description_kind":"markdown","required":true},"server_cert":{"type":"string","description":"TLS/SSL certificate chain of the sync source. If left null and if the source is a Redis Cloud instance, it will automatically detect the certificate to use","description_kind":"markdown","optional":true}},"description":"A source database to replicate here","description_kind":"markdown"},"min_items":1}},"description":"Details of database replication","description_kind":"markdown"},"max_items":1},"timeouts":{"nesting_mode":"single","block":{"attributes":{"create":{"type":"string","description_kind":"plain","optional":true},"delete":{"type":"string","description_kind":"plain","optional":true},"read":{"type":"string","description_kind":"plain","optional":true},"update":{"type":"string","description_kind":"plain","optional":true}},"description_kind":"plain"}}},"description":"Creates database resource within an essentials subscription in your Redis Enterprise Cloud Account.","description_kind":"markdown"}},"rediscloud_essentials_subscription":{"version":0,"block":{"attributes":{"creation_date":{"type":"string","description":"The date/time this subscription was created","description_kind":"markdown","computed":true},"id":{"type":"string","description_kind":"plain","optional":true,"computed":true},"name":{"type":"string","description":"A meaningful name to identify the subscription","description_kind":"markdown","required":true},"payment_method":{"type":"string","description":"Payment method for the requested subscription. If credit-card is specified, the payment method id must be defined. This information is only used when creating a new subscription and any changes will be ignored after this.","description_kind":"markdown","optional":true},"payment_method_id":{"type":"number","description":"The identifier of the method which will be charged for this subscription. Not required for free plans","description_kind":"markdown","optional":true},"plan_id":{"type":"number","description":"The identifier of the plan to template the subscription","description_kind":"markdown","required":true},"status":{"type":"string","description":"The status of this subscription","description_kind":"markdown","computed":true}},"block_types":{"timeouts":{"nesting_mode":"single","block":{"attributes":{"create":{"type":"string","description_kind":"plain","optional":true},"delete":{"type":"string","description_kind":"plain","optional":true},"read":{"type":"string","description_kind":"plain","optional":true},"update":{"type":"string","description_kind":"plain","optional":true}},"description_kind":"plain"}}},"description":"Manages an Essentials Subscription within your Redis Enterprise Cloud Account.","description_kind":"markdown"}},"rediscloud_private_link":{"version":0,"block":{"attributes":{"connections":{"type":["set",["object",{"association_date":"string","association_id":"string","connection_id":"string","connection_type":"string","owner_id":"string"}]],"description":"Connections attached to this PrivateLink","description_kind":"markdown","computed":true},"databases":{"type":["set",["object",{"database_id":"number","port":"number","resource_link_endpoint":"string"}]],"description":"The databases attached to this PrivateLink","description_kind":"markdown","computed":true},"id":{"type":"string","description_kind":"plain","optional":true,"computed":true},"resource_configuration_arn":{"type":"string","description":"ARN of the resource configuration attached to this PrivateLink","description_kind":"markdown","computed":true},"resource_configuration_id":{"type":"string","description":"ID of the resource configuration to attach to this PrivateLink","description_kind":"markdown","computed":true},"share_arn":{"type":"string","description":"ARN of the share attached to this Private Link","description_kind":"markdown","computed":true},"share_name":{"type":"string","description":"Name of this PrivateLink share","description_kind":"markdown","required":true},"subscription_id":{"type":"string","description":"The ID of the Pro subscription to attach","description_kind":"markdown","required":true}},"block_types":{"principal":{"nesting_mode":"set","block":{"attributes":{"principal":{"type":"string","description_kind":"plain","required":true},"principal_alias":{"type":"string","description_kind":"plain","optional":true},"principal_type":{"type":"string","description_kind":"plain","required":true}},"description":"List of principals attached to this PrivateLink","description_kind":"markdown"},"min_items":1},"timeouts":{"nesting_mode":"single","block":{"attributes":{"create":{"type":"string","description_kind":"plain","optional":true},"delete":{"type":"string","description_kind":"plain","optional":true},"read":{"type":"string","description_kind":"plain","optional":true}},"description_kind":"plain"}}},"description":"Manages a Private Link to a pro Subscription in your Redis Enterprise Cloud Account.","description_kind":"markdown"}},"rediscloud_private_service_connect":{"version":0,"block":{"attributes":{"id":{"type":"string","description_kind":"plain","optional":true,"computed":true},"private_service_connect_service_id":{"type":"number","description":"The ID of the Private Service Connect","description_kind":"markdown","computed":true},"subscription_id":{"type":"string","description":"The ID of the Pro subscription to attach","description_kind":"markdown","required":true}},"block_types":{"timeouts":{"nesting_mode":"single","block":{"attributes":{"create":{"type":"string","description_kind":"plain","optional":true},"delete":{"type":"string","description_kind":"plain","optional":true},"read":{"type":"string","description_kind":"plain","optional":true}},"description_kind":"plain"}}},"description":"Manages a Private Service Connect to an Active-Active Subscription in your Redis Enterprise Cloud Account.","description_kind":"markdown"}},"rediscloud_private_service_connect_endpoint":{"version":0,"block":{"attributes":{"endpoint_connection_name":{"type":"string","description":"The endpoint connection name prefix. This prefix that will be used to create the Private Service Connect endpoint in your Google Cloud account","description_kind":"markdown","required":true},"gcp_project_id":{"type":"string","description":"The Google Cloud Project ID","description_kind":"markdown","required":true},"gcp_vpc_name":{"type":"string","description":"The GCP VPC Network name","description_kind":"markdown","required":true},"gcp_vpc_subnet_name":{"type":"string","description":"The GCP Subnet name","description_kind":"markdown","required":true},"id":{"type":"string","description_kind":"plain","optional":true,"computed":true},"private_service_connect_endpoint_id":{"type":"number","description":"The ID of the Private Service Connect Endpoint","description_kind":"markdown","computed":true},"private_service_connect_service_id":{"type":"number","description":"The ID of the Private Service Connect","description_kind":"markdown","required":true},"service_attachments":{"type":["list",["object",{"dns_record":"string","forwarding_rule_name":"string","ip_address_name":"string","name":"string"}]],"description":"The service attachments that were created for the Private Service Connect endpoint","description_kind":"markdown","computed":true},"subscription_id":{"type":"string","description":"The ID of the Pro subscription to attach","description_kind":"markdown","required":true}},"block_types":{"timeouts":{"nesting_mode":"single","block":{"attributes":{"create":{"type":"string","description_kind":"plain","optional":true},"delete":{"type":"string","description_kind":"plain","optional":true},"read":{"type":"string","description_kind":"plain","optional":true}},"description_kind":"plain"}}},"description":"Manages a Private Service Connect Endpoint to a Pro Subscription in your Redis Enterprise Cloud Account.","description_kind":"markdown"}},"rediscloud_private_service_connect_endpoint_accepter":{"version":0,"block":{"attributes":{"action":{"type":"string","description":"Accept or reject the endpoint","description_kind":"markdown","required":true},"id":{"type":"string","description_kind":"plain","optional":true,"computed":true},"private_service_connect_endpoint_id":{"type":"number","description":"The ID of the Private Service Connect Endpoint","description_kind":"markdown","required":true},"private_service_connect_service_id":{"type":"number","description":"The ID of the Private Service Connect","description_kind":"markdown","required":true},"subscription_id":{"type":"string","description":"The ID of the Pro subscription to attach","description_kind":"markdown","required":true}},"block_types":{"timeouts":{"nesting_mode":"single","block":{"attributes":{"create":{"type":"string","description_kind":"plain","optional":true},"delete":{"type":"string","description_kind":"plain","optional":true},"read":{"type":"string","description_kind":"plain","optional":true},"update":{"type":"string","description_kind":"plain","optional":true}},"description_kind":"plain"}}},"description":"Manages the state of Private Service Connect Endpoint to a Pro Subscription in your Redis Enterprise Cloud Account.","description_kind":"markdown"}},"rediscloud_subscription":{"version":0,"block":{"attributes":{"customer_managed_key_deletion_grace_period":{"type":"string","description":"The grace period for deleting the subscription. If not set, will default to immediate deletion grace period.","description_kind":"markdown","optional":true},"customer_managed_key_enabled":{"type":"bool","description":"Whether to enable CMK (customer managed key) for the subscription. If this is true, then the subscription will be put in a pending state until you supply the CMEK. See documentation for further details on this process. Defaults to false.","description_kind":"markdown","optional":true},"customer_managed_key_redis_service_account":{"type":"string","description":"The principal of the Redis service account that the subscription is created in. This is used by the user to give access to their customer managed key","description_kind":"markdown","computed":true},"id":{"type":"string","description_kind":"plain","optional":true,"computed":true},"memory_storage":{"type":"string","description":"Memory storage preference: either ‘ram’ or a combination of 'ram-and-flash’","description_kind":"markdown","optional":true},"name":{"type":"string","description":"A meaningful name to identify the subscription","description_kind":"markdown","optional":true},"payment_method":{"type":"string","description":"Payment method for the requested subscription. If credit card is specified, the payment method id must be defined. This information is only used when creating a new subscription and any changes will be ignored after this.","description_kind":"markdown","optional":true},"payment_method_id":{"type":"string","description":"A valid payment method pre-defined in the current account","description_kind":"markdown","optional":true,"computed":true},"pricing":{"type":["list",["object",{"database_name":"string","price_currency":"string","price_per_unit":"number","price_period":"string","quantity":"number","quantity_measurement":"string","region":"string","type":"string","type_details":"string"}]],"description":"Pricing details totalled over this Subscription","description_kind":"markdown","computed":true},"redis_version":{"type":"string","description":"Version of Redis to create","description_kind":"markdown","deprecated":true,"optional":true}},"block_types":{"allowlist":{"nesting_mode":"list","block":{"attributes":{"cidrs":{"type":["set","string"],"description":"Set of CIDR ranges that are allowed to access the databases associated with this subscription","description_kind":"markdown","optional":true},"security_group_ids":{"type":["set","string"],"description":"Set of security groups that are allowed to access the databases associated with this subscription","description_kind":"markdown","required":true}},"description":"An allowlist object","description_kind":"markdown"},"max_items":1},"cloud_provider":{"nesting_mode":"list","block":{"attributes":{"cloud_account_id":{"type":"string","description":"Cloud account identifier. Default: Redis Labs internal cloud account (using Cloud Account Id = 1 implies using Redis Labs internal cloud account). Note that a GCP subscription can be created only with Redis Labs internal cloud account","description_kind":"markdown","optional":true},"provider":{"type":"string","description":"The cloud provider to use with the subscription, (either `AWS` or `GCP`)","description_kind":"markdown","optional":true}},"block_types":{"region":{"nesting_mode":"set","block":{"attributes":{"multiple_availability_zones":{"type":"bool","description":"Support deployment on multiple availability zones within the selected region","description_kind":"markdown","optional":true},"networking_deployment_cidr":{"type":"string","description":"Deployment CIDR mask","description_kind":"markdown","required":true},"networking_vpc_id":{"type":"string","description":"Either an existing VPC Id (already exists in the specific region) or create a new VPC (if no VPC is specified)","description_kind":"markdown","optional":true},"networks":{"type":["list",["object",{"networking_deployment_cidr":"string","networking_subnet_id":"string","networking_vpc_id":"string"}]],"description":"List of networks used","description_kind":"markdown","computed":true},"preferred_availability_zones":{"type":["list","string"],"description":"List of availability zones used","description_kind":"markdown","optional":true,"computed":true},"region":{"type":"string","description":"Deployment region as defined by cloud provider","description_kind":"markdown","required":true}},"description":"Cloud networking details, per region (single region or multiple regions for Active-Active cluster only)","description_kind":"markdown"},"min_items":1}},"description":"A cloud provider object","description_kind":"markdown"},"min_items":1,"max_items":1},"creation_plan":{"nesting_mode":"list","block":{"attributes":{"average_item_size_in_bytes":{"type":"number","description":"Relevant only to ram-and-flash clusters. Estimated average size (measured in bytes) of the items stored in the database","description_kind":"markdown","optional":true,"computed":true},"dataset_size_in_gb":{"type":"number","description":"Maximum amount of data in the dataset for this specific database in GB","description_kind":"markdown","optional":true},"memory_limit_in_gb":{"type":"number","description":"(Deprecated) Maximum memory usage for each database","description_kind":"markdown","optional":true},"modules":{"type":["list","string"],"description":"Modules that will be used by the databases in this subscription.","description_kind":"markdown","optional":true,"computed":true},"quantity":{"type":"number","description":"The planned number of databases","description_kind":"markdown","required":true},"query_performance_factor":{"type":"string","description":"Query performance factor for this specific database","description_kind":"markdown","optional":true,"computed":true},"replication":{"type":"bool","description":"Databases replication","description_kind":"markdown","required":true},"support_oss_cluster_api":{"type":"bool","description":"Support Redis open-source (OSS) Cluster API","description_kind":"markdown","optional":true},"throughput_measurement_by":{"type":"string","description":"Throughput measurement method, (either ‘number-of-shards’ or ‘operations-per-second’)","description_kind":"markdown","required":true},"throughput_measurement_value":{"type":"number","description":"Throughput value (as applies to selected measurement method)","description_kind":"markdown","required":true}},"description":"Information about the planned databases used to optimise the database infrastructure. This information is only used when creating a new subscription and any changes will be ignored after this.","description_kind":"markdown"},"max_items":1},"customer_managed_key":{"nesting_mode":"list","block":{"attributes":{"resource_name":{"type":"string","description":"Resource name of the customer managed key as defined by the cloud provider.","description_kind":"markdown","required":true}},"description":"CMK resources used to encrypt the databases in this subscription. Ignored if `customer_managed_key_enabled` set to false. Supply after the database has been put into database pending state. See documentation for CMK flow.","description_kind":"markdown"}},"maintenance_windows":{"nesting_mode":"list","block":{"attributes":{"mode":{"type":"string","description":"Either automatic (Redis specified) or manual (User specified)","description_kind":"markdown","required":true}},"block_types":{"window":{"nesting_mode":"list","block":{"attributes":{"days":{"type":["list","string"],"description":"A list of days on which the window is open ('Monday', 'Tuesday' etc)","description_kind":"markdown","required":true},"duration_in_hours":{"type":"number","description":"How long maintenance may take","description_kind":"markdown","required":true},"start_hour":{"type":"number","description":"What hour in the day (0-23) may maintenance start","description_kind":"markdown","required":true}},"description":"A list of maintenance windows for manual-mode","description_kind":"markdown"}}},"description":"Specify the subscription's maintenance windows","description_kind":"markdown"},"max_items":1},"timeouts":{"nesting_mode":"single","block":{"attributes":{"create":{"type":"string","description_kind":"plain","optional":true},"delete":{"type":"string","description_kind":"plain","optional":true},"read":{"type":"string","description_kind":"plain","optional":true},"update":{"type":"string","description_kind":"plain","optional":true}},"description_kind":"plain"}}},"description":"Creates a Pro Subscription within your Redis Enterprise Cloud Account.","description_kind":"markdown"}},"rediscloud_subscription_database":{"version":0,"block":{"attributes":{"average_item_size_in_bytes":{"type":"number","description":"Relevant only to ram-and-flash clusters. Estimated average size (measured in bytes) of the items stored in the database","description_kind":"markdown","optional":true},"client_ssl_certificate":{"type":"string","description":"SSL certificate to authenticate user connections","description_kind":"markdown","optional":true},"client_tls_certificates":{"type":["list","string"],"description":"TLS certificates to authenticate user connections","description_kind":"markdown","optional":true},"data_eviction":{"type":"string","description":"(Optional) The data items eviction policy (either: 'allkeys-lru', 'allkeys-lfu', 'allkeys-random', 'volatile-lru', 'volatile-lfu', 'volatile-random', 'volatile-ttl' or 'noeviction'. Default: 'volatile-lru')","description_kind":"markdown","optional":true},"data_persistence":{"type":"string","description":"Rate of database data persistence (in persistent storage)","description_kind":"markdown","optional":true},"dataset_size_in_gb":{"type":"number","description":"Maximum amount of data in the dataset for this specific database in GB","description_kind":"markdown","optional":true,"computed":true},"db_id":{"type":"number","description":"Identifier of the database created","description_kind":"markdown","computed":true},"enable_default_user":{"type":"bool","description":"When 'true', enables connecting to the database with the 'default' user. Default: 'true'","description_kind":"markdown","optional":true},"enable_tls":{"type":"bool","description":"Use TLS for authentication","description_kind":"markdown","optional":true},"external_endpoint_for_oss_cluster_api":{"type":"bool","description":"Should use the external endpoint for open-source (OSS) Cluster API","description_kind":"markdown","optional":true},"hashing_policy":{"type":["list","string"],"description":"List of regular expression rules to shard the database by. See the documentation on clustering for more information on the hashing policy - https://docs.redislabs.com/latest/rc/concepts/clustering/","description_kind":"markdown","optional":true,"computed":true},"id":{"type":"string","description_kind":"plain","optional":true,"computed":true},"memory_limit_in_gb":{"type":"number","description":"(Deprecated) Maximum memory usage for this specific database","description_kind":"markdown","optional":true,"computed":true},"modules":{"type":["set",["object",{"name":"string"}]],"description":"Modules to be provisioned in the database","description_kind":"markdown","optional":true},"name":{"type":"string","description":"A meaningful name to identify the database","description_kind":"markdown","required":true},"password":{"type":"string","description":"Password used to access the database. If left empty, the password will be generated automatically","description_kind":"markdown","optional":true,"computed":true,"sensitive":true},"periodic_backup_path":{"type":"string","description":"Path that will be used to store database backup files","description_kind":"markdown","deprecated":true,"optional":true},"port":{"type":"number","description":"TCP port on which the database is available","description_kind":"markdown","optional":true},"private_endpoint":{"type":"string","description":"Private endpoint to access the database","description_kind":"markdown","computed":true},"protocol":{"type":"string","description":"The protocol that will be used to access the database, (either ‘redis’ or 'memcached’) ","description_kind":"markdown","optional":true},"public_endpoint":{"type":"string","description":"Public endpoint to access the database","description_kind":"markdown","computed":true},"query_performance_factor":{"type":"string","description":"Query performance factor for this specific database","description_kind":"markdown","optional":true,"computed":true},"redis_version":{"type":"string","description":"Defines the Redis database version. If omitted, the Redis version will be set to the default version","description_kind":"markdown","optional":true,"computed":true},"replica_of":{"type":["set","string"],"description":"Set of Redis database URIs, in the format `redis://user:password@host:port`, that this database will be a replica of. If the URI provided is Redis Labs Cloud instance, only host and port should be provided","description_kind":"markdown","optional":true},"replication":{"type":"bool","description":"Databases replication","description_kind":"markdown","optional":true},"resp_version":{"type":"string","description":"The database's RESP version","description_kind":"markdown","optional":true,"computed":true},"source_ips":{"type":["set","string"],"description":"Set of CIDR addresses to allow access to the database","description_kind":"markdown","optional":true},"subscription_id":{"type":"number","description":"Identifier of the pro subscription","description_kind":"markdown","required":true},"support_oss_cluster_api":{"type":"bool","description":"Support Redis open-source (OSS) Cluster API","description_kind":"markdown","optional":true},"tags":{"type":["map","string"],"description":"Tags for database management","description_kind":"markdown","optional":true},"throughput_measurement_by":{"type":"string","description":"Throughput measurement method, (either ‘number-of-shards’ or ‘operations-per-second’)","description_kind":"markdown","required":true},"throughput_measurement_value":{"type":"number","description":"Throughput value (as applies to selected measurement method)","description_kind":"markdown","required":true}},"block_types":{"alert":{"nesting_mode":"set","block":{"attributes":{"name":{"type":"string","description":"Alert name","description_kind":"markdown","required":true},"value":{"type":"number","description":"Alert value","description_kind":"markdown","required":true}},"description":"Set of alerts to enable on the database","description_kind":"markdown"}},"remote_backup":{"nesting_mode":"list","block":{"attributes":{"interval":{"type":"string","description":"Defines the frequency of the automatic backup","description_kind":"markdown","required":true},"storage_path":{"type":"string","description":"Defines a URI representing the backup storage location","description_kind":"markdown","required":true},"storage_type":{"type":"string","description":"Defines the provider of the storage location","description_kind":"markdown","required":true},"time_utc":{"type":"string","description":"Defines the hour automatic backups are made - only applicable when interval is `every-12-hours` or `every-24-hours`","description_kind":"markdown","optional":true}},"description":"An object that specifies the backup options for the database","description_kind":"markdown"},"max_items":1},"timeouts":{"nesting_mode":"single","block":{"attributes":{"create":{"type":"string","description_kind":"plain","optional":true},"delete":{"type":"string","description_kind":"plain","optional":true},"read":{"type":"string","description_kind":"plain","optional":true},"update":{"type":"string","description_kind":"plain","optional":true}},"description_kind":"plain"}}},"description":"Creates database resource within a pro subscription in your Redis Enterprise Cloud Account.","description_kind":"markdown"}},"rediscloud_subscription_peering":{"version":0,"block":{"attributes":{"aws_account_id":{"type":"string","description":"AWS account id that the VPC to be peered lives in","description_kind":"markdown","optional":true,"computed":true},"aws_peering_id":{"type":"string","description":"Identifier of the AWS cloud peering","description_kind":"markdown","computed":true},"gcp_network_name":{"type":"string","description":"The name of the network to be peered","description_kind":"markdown","optional":true,"computed":true},"gcp_peering_id":{"type":"string","description":"Identifier of the cloud peering","description_kind":"markdown","computed":true},"gcp_project_id":{"type":"string","description":"GCP project ID that the VPC to be peered lives in","description_kind":"markdown","optional":true,"computed":true},"gcp_redis_network_name":{"type":"string","description":"The name of the Redis Enterprise Cloud network to be peered","description_kind":"markdown","computed":true},"gcp_redis_project_id":{"type":"string","description":"Identifier of the Redis Enterprise Cloud GCP project to be peered","description_kind":"markdown","computed":true},"id":{"type":"string","description_kind":"plain","optional":true,"computed":true},"provider_name":{"type":"string","description":"The cloud provider to use with the vpc peering, (either `AWS` or `GCP`)","description_kind":"markdown","optional":true},"region":{"type":"string","description":"AWS Region that the VPC to be peered lives in","description_kind":"markdown","optional":true,"computed":true},"status":{"type":"string","description":"Current status of the account - `initiating-request`, `pending-acceptance`, `active`, `inactive` or `failed`","description_kind":"markdown","computed":true},"subscription_id":{"type":"string","description":"A valid subscription predefined in the current account","description_kind":"markdown","required":true},"vpc_cidr":{"type":"string","description":"CIDR range of the VPC to be peered","description_kind":"markdown","optional":true,"computed":true},"vpc_cidrs":{"type":["set","string"],"description":"CIDR ranges of the VPC to be peered","description_kind":"markdown","optional":true,"computed":true},"vpc_id":{"type":"string","description":"Identifier of the VPC to be peered","description_kind":"markdown","optional":true,"computed":true}},"block_types":{"timeouts":{"nesting_mode":"single","block":{"attributes":{"create":{"type":"string","description_kind":"plain","optional":true},"delete":{"type":"string","description_kind":"plain","optional":true},"read":{"type":"string","description_kind":"plain","optional":true}},"description_kind":"plain"}}},"description":"Creates a VPC peering for an existing Redis Enterprise Cloud Subscription, allowing access to your subscription databases as if they were on the same network.","description_kind":"markdown"}},"rediscloud_transit_gateway_attachment":{"version":0,"block":{"attributes":{"attachment_status":{"type":"string","description":"The status of the Subscription/Transit Gateway attachment, if established","description_kind":"markdown","computed":true},"attachment_uid":{"type":"string","description":"A unique identifier for the Subscription/Transit Gateway attachment, if established","description_kind":"markdown","computed":true},"aws_account_id":{"type":"string","description":"The Transit Gateway's AWS account id","description_kind":"markdown","computed":true},"aws_tgw_uid":{"type":"string","description":"The id of the Transit Gateway as known to AWS","description_kind":"markdown","computed":true},"cidrs":{"type":["list","string"],"description":"A list of consumer Cidr blocks.","description_kind":"markdown","optional":true,"computed":true},"id":{"type":"string","description_kind":"plain","optional":true,"computed":true},"status":{"type":"string","description":"The status of the Transit Gateway","description_kind":"markdown","computed":true},"subscription_id":{"type":"string","description":"The id of the Pro/Flexible subscription to attach","description_kind":"markdown","required":true},"tgw_id":{"type":"number","description":"The id of the Transit Gateway to attach to","description_kind":"markdown","required":true}},"block_types":{"timeouts":{"nesting_mode":"single","block":{"attributes":{"create":{"type":"string","description_kind":"plain","optional":true},"delete":{"type":"string","description_kind":"plain","optional":true},"read":{"type":"string","description_kind":"plain","optional":true},"update":{"type":"string","description_kind":"plain","optional":true}},"description_kind":"plain"}}},"description":"Manages a Transit Gateway Attachment to a Pro/Flexible Subscription in your Redis Enterprise Cloud Account.","description_kind":"markdown"}}},"data_source_schemas":{"rediscloud_acl_role":{"version":0,"block":{"attributes":{"id":{"type":"string","description_kind":"plain","optional":true,"computed":true},"name":{"type":"string","description":"A meaningful name to identify the user","description_kind":"markdown","required":true},"rule":{"type":["set",["object",{"database":["set",["object",{"database":"number","regions":["set","string"],"subscription":"number"}]],"name":"string"}]],"description":"This Role's permissions and the databases to which they apply","description_kind":"markdown","computed":true}},"description":"The ACL Role grants a number of permissions to databases","description_kind":"markdown"}},"rediscloud_acl_rule":{"version":0,"block":{"attributes":{"id":{"type":"string","description_kind":"plain","optional":true,"computed":true},"name":{"type":"string","description":"A meaningful name to identify the rule","description_kind":"markdown","required":true},"rule":{"type":"string","description":"The Rule itself, must comply with Redis' ACL syntax","description_kind":"markdown","computed":true}},"description":"The ACL Rule (known also as RedisRule) allows fine-grained permissions to be assigned to a subset of ACL Users","description_kind":"markdown"}},"rediscloud_acl_user":{"version":0,"block":{"attributes":{"id":{"type":"string","description_kind":"plain","optional":true,"computed":true},"name":{"type":"string","description":"A meaningful name to identify the user","description_kind":"markdown","required":true},"role":{"type":"string","description":"The Role which this User has","description_kind":"markdown","computed":true}},"description":"The ACL User is an authenticated entity whose permissions are described by an associated Role","description_kind":"markdown"}},"rediscloud_active_active_private_link":{"version":0,"block":{"attributes":{"connections":{"type":["set",["object",{"association_date":"string","association_id":"string","connection_id":"string","connection_type":"string","owner_id":"string"}]],"description":"Connections attached to this PrivateLink","description_kind":"markdown","computed":true},"databases":{"type":["set",["object",{"database_id":"number","port":"number","resource_link_endpoint":"string"}]],"description_kind":"plain","computed":true},"id":{"type":"string","description_kind":"plain","optional":true,"computed":true},"principals":{"type":["list",["object",{"principal":"string","principal_alias":"string","principal_type":"string"}]],"description":"List of principals attached to this PrivateLink","description_kind":"markdown","computed":true},"region_id":{"type":"number","description":"The RedisCloud ID of the active-active subscription region","description_kind":"markdown","required":true},"resource_configuration_arn":{"type":"string","description":"ARN of the resource configuration attached to this PrivateLink","description_kind":"markdown","computed":true},"resource_configuration_id":{"type":"string","description":"ID of the resource configuration to attach to this PrivateLink","description_kind":"markdown","computed":true},"share_arn":{"type":"string","description":"ARN of the share to attach to this Private Link","description_kind":"markdown","computed":true},"share_name":{"type":"string","description":"ARN of the share to attach to this PrivateLink","description_kind":"markdown","computed":true},"subscription_id":{"type":"string","description":"The ID of an active-active subscription","description_kind":"markdown","required":true}},"description":"The Private Link data source allows access to an available Active-Active Private Link within your Redis Enterprise Cloud Account.","description_kind":"markdown"}},"rediscloud_active_active_private_link_endpoint_script":{"version":0,"block":{"attributes":{"endpoint_script":{"type":"string","description":"The endpoint script for the PrivateLink","description_kind":"markdown","computed":true},"id":{"type":"string","description_kind":"plain","optional":true,"computed":true},"region_id":{"type":"number","description":"The ID of an Active Active subscription region","description_kind":"markdown","required":true},"subscription_id":{"type":"string","description":"The ID of an Active Active subscription","description_kind":"markdown","required":true}},"description":"The Active Active PrivateLink Endpoint Script data source allows users to request an endpoint script for an Active Active Subscription PrivateLink","description_kind":"markdown"}},"rediscloud_active_active_private_service_connect":{"version":0,"block":{"attributes":{"connection_host_name":{"type":"string","description":"The connection host name","description_kind":"markdown","computed":true},"id":{"type":"string","description_kind":"plain","optional":true,"computed":true},"private_service_connect_service_id":{"type":"number","description":"The ID of the Private Service Connect Service relative to the associated subscription","description_kind":"markdown","computed":true},"region_id":{"type":"number","description":"The ID of the GCP region","description_kind":"markdown","required":true},"service_attachment_name":{"type":"string","description":"The service attachment name","description_kind":"markdown","computed":true},"status":{"type":"string","description":"The Private Service Connect status","description_kind":"markdown","computed":true},"subscription_id":{"type":"string","description":"The ID of an Active-Active subscription","description_kind":"markdown","required":true}},"description":"The  Active-Active Private Service Connect data source allows access to an available Private Service Connect Service within your Redis Enterprise Cloud Account.","description_kind":"markdown"}},"rediscloud_active_active_private_service_connect_endpoints":{"version":0,"block":{"attributes":{"endpoints":{"type":["list",["object",{"endpoint_connection_name":"string","gcp_project_id":"string","gcp_vpc_name":"string","gcp_vpc_subnet_name":"string","private_service_connect_endpoint_id":"number","service_attachments":["list",["object",{"dns_record":"string","forwarding_rule_name":"string","ip_address_name":"string","name":"string"}]],"status":"string"}]],"description_kind":"plain","computed":true},"id":{"type":"string","description_kind":"plain","optional":true,"computed":true},"private_service_connect_service_id":{"type":"number","description":"The ID of the Private Service Connect Service relative to the associated subscription","description_kind":"markdown","required":true},"region_id":{"type":"number","description":"The ID of the GCP region","description_kind":"markdown","required":true},"subscription_id":{"type":"string","description":"The ID of an Active-Active subscription","description_kind":"markdown","required":true}},"description":"The  Active-Active Private Service Connect Endpoints data source allows access to an available endpoints on a Private Service Connect Service within your Redis Enterprise Cloud Account.","description_kind":"markdown"}},"rediscloud_active_active_subscription":{"version":0,"block":{"attributes":{"cloud_provider":{"type":"string","description":"A cloud provider string either GCP or AWS","description_kind":"markdown","computed":true},"id":{"type":"string","description_kind":"plain","optional":true,"computed":true},"maintenance_windows":{"type":["list",["object",{"mode":"string","window":["list",["object",{"days":["list","string"],"duration_in_hours":"number","start_hour":"number"}]]}]],"description":"Details about the subscription's maintenance window specification","description_kind":"markdown","computed":true},"name":{"type":"string","description":"A meaningful name to identify the subscription","description_kind":"markdown","required":true},"number_of_databases":{"type":"number","description":"The number of databases that are linked to this subscription","description_kind":"markdown","computed":true},"payment_method":{"type":"string","description":"Payment method for the requested subscription. If credit card is specified, the payment method id must be defined. This information is only used when creating a new subscription and any changes will be ignored after this.","description_kind":"markdown","computed":true},"payment_method_id":{"type":"string","description":"A valid payment method pre-defined in the current account","description_kind":"markdown","computed":true},"pricing":{"type":["list",["object",{"database_name":"string","price_currency":"string","price_per_unit":"number","price_period":"string","quantity":"number","quantity_measurement":"string","region":"string","type":"string","type_details":"string"}]],"description":"Pricing details totalled over this Subscription","description_kind":"markdown","computed":true},"status":{"type":"string","description":"Current status of the subscription","description_kind":"markdown","computed":true}},"description":"The Active Active Subscription data source allows access to the details of an existing AA subscription within your Redis Enterprise Cloud account.","description_kind":"markdown"}},"rediscloud_active_active_subscription_database":{"version":0,"block":{"attributes":{"data_eviction":{"type":"string","description":"Data eviction items policy","description_kind":"markdown","computed":true},"dataset_size_in_gb":{"type":"number","description":"Maximum amount of data in the dataset for this specific database in GB","description_kind":"markdown","computed":true},"db_id":{"type":"number","description":"Identifier of the database created","description_kind":"markdown","optional":true,"computed":true},"enable_tls":{"type":"bool","description":"Use TLS for authentication.","description_kind":"markdown","computed":true},"external_endpoint_for_oss_cluster_api":{"type":"bool","description":"Should use the external endpoint for open-source (OSS) Cluster API","description_kind":"markdown","computed":true},"global_modules":{"type":["list","string"],"description":"List of modules to enable on the database. This information is only used when creating a new database and any changes will be ignored after this.","description_kind":"markdown","computed":true},"id":{"type":"string","description_kind":"plain","optional":true,"computed":true},"latest_backup_statuses":{"type":["list",["object",{"error":["set",["object",{"description":"string","status":"string","type":"string"}]],"region":"string","response":["set",["object",{"failure_reason":"string","last_backup_time":"string","status":"string"}]]}]],"description":"Details about the last backups that took place across each region for this active-active database","description_kind":"markdown","computed":true},"latest_import_status":{"type":["set",["object",{"error":["set",["object",{"description":"string","status":"string","type":"string"}]],"response":["set",["object",{"failure_reason":"string","failure_reason_params":["list",["object",{"key":"string","value":"string"}]],"last_import_time":"string","status":"string"}]]}]],"description":"Details about the last import that took place for this active-active database","description_kind":"markdown","computed":true},"memory_limit_in_gb":{"type":"number","description":"(Deprecated) Maximum memory usage for this specific database","description_kind":"markdown","computed":true},"name":{"type":"string","description":"A meaningful name to identify the database","description_kind":"markdown","optional":true,"computed":true},"private_endpoint":{"type":["map","string"],"description":"Region public and private endpoints to access the database","description_kind":"markdown","computed":true},"public_endpoint":{"type":["map","string"],"description":"Region public and private endpoints to access the database","description_kind":"markdown","computed":true},"redis_version":{"type":"string","description":"The redis version of the database","description_kind":"markdown","computed":true},"subscription_id":{"type":"number","description":"Identifier of the subscription","description_kind":"markdown","required":true},"support_oss_cluster_api":{"type":"bool","description":"Support Redis open-source (OSS) Cluster API","description_kind":"markdown","computed":true},"tags":{"type":["map","string"],"description":"Tags for database management","description_kind":"markdown","computed":true},"tls_certificate":{"type":"string","description":"TLS certificate used for authentication.","description_kind":"markdown","computed":true}},"description":"The Active Active Database data source allows access to the details of an existing AA database within your Redis Enterprise Cloud account.","description_kind":"markdown"}},"rediscloud_active_active_subscription_regions":{"version":0,"block":{"attributes":{"id":{"type":"string","description_kind":"plain","optional":true,"computed":true},"regions":{"type":["list",["object",{"databases":["list",["object",{"database_id":"number","database_name":"string","read_operations_per_second":"number","write_operations_per_second":"number"}]],"networking_deployment_cidr":"string","region":"string","region_id":"number","vpc_id":"string"}]],"description":"A list of regions associated with an Active-Active subscription","description_kind":"markdown","computed":true},"subscription_name":{"type":"string","description":"The name of the Active-Active subscription","description_kind":"markdown","required":true}},"description":"Gets a list of regions in the specified Active-Active subscription.","description_kind":"markdown"}},"rediscloud_active_active_transit_gateway":{"version":0,"block":{"attributes":{"attachment_status":{"type":"string","description":"The status of the Subscription/Transit Gateway attachment, if any","description_kind":"markdown","computed":true},"attachment_uid":{"type":"string","description":"A unique identifier for the Subscription/Transit Gateway attachment, if any","description_kind":"markdown","computed":true},"aws_account_id":{"type":"string","description":"The Transit Gateway's AWS account id","description_kind":"markdown","computed":true},"aws_tgw_uid":{"type":"string","description":"The id of the Transit Gateway as known to AWS","description_kind":"markdown","optional":true,"computed":true},"cidrs":{"type":["list","string"],"description":"A list of consumer Cidr blocks, if an attachment exists","description_kind":"markdown","computed":true},"id":{"type":"string","description_kind":"plain","optional":true,"computed":true},"region_id":{"type":"number","description":"The id of the AWS region","description_kind":"markdown","required":true},"status":{"type":"string","description":"The status of the Transit Gateway","description_kind":"markdown","computed":true},"subscription_id":{"type":"string","description":"The id of an Active Active subscription","description_kind":"markdown","required":true},"tgw_id":{"type":"number","description":"The id of the Transit Gateway relative to the associated subscription","description_kind":"markdown","optional":true,"computed":true}},"description":"The Active Active Transit Gateway data source allows access to an available Transit Gateway within your Redis Enterprise Cloud Account.","description_kind":"markdown"}},"rediscloud_cloud_account":{"version":0,"block":{"attributes":{"access_key_id":{"type":"string","description":"The access key ID associated with the cloud account","description_kind":"markdown","computed":true},"exclude_internal_account":{"type":"bool","description":"Whether to exclude the Redis Labs internal cloud account.","description_kind":"markdown","optional":true},"id":{"type":"string","description_kind":"plain","optional":true,"computed":true},"name":{"type":"string","description":"A meaningful name to identify the cloud account","description_kind":"markdown","optional":true,"computed":true},"provider_type":{"type":"string","description":"The cloud provider of the cloud account, (either `AWS` or `GCP`)","description_kind":"markdown","optional":true,"computed":true}},"description":"The Cloud Account data source allows access to the ID of a Cloud Account configuration.  This ID can be used when creating Subscription resources.","description_kind":"markdown"}},"rediscloud_data_persistence":{"version":0,"block":{"attributes":{"data_persistence":{"type":["set",["object",{"description":"string","name":"string"}]],"description":"A list of data persistence option that can be applied to subscription databases","description_kind":"markdown","computed":true},"id":{"type":"string","description_kind":"plain","optional":true,"computed":true}},"description":"The data persistence data source allows access to a list of supported data persistence options.  Each option represents the rate at which a database will persist its data to storage.","description_kind":"markdown"}},"rediscloud_database":{"version":0,"block":{"attributes":{"alert":{"type":["set",["object",{"name":"string","value":"number"}]],"description":"Set of alerts to enable on the database","description_kind":"markdown","computed":true},"data_eviction":{"type":"string","description":"The data items eviction method","description_kind":"markdown","computed":true},"data_persistence":{"type":"string","description":"The rate of database data persistence (in persistent storage)","description_kind":"markdown","computed":true},"dataset_size_in_gb":{"type":"number","description":"Maximum amount of data in the dataset for this specific database in GB","description_kind":"markdown","computed":true},"db_id":{"type":"number","description":"The id of the database to filter returned databases","description_kind":"markdown","optional":true,"computed":true},"enable_default_user":{"type":"bool","description":"When 'true', enables connecting to the database with the 'default' user. Default: 'true'","description_kind":"markdown","computed":true},"hashing_policy":{"type":["list","string"],"description":"The list of regular expression rules the database is sharded by","description_kind":"markdown","computed":true},"id":{"type":"string","description_kind":"plain","optional":true,"computed":true},"latest_backup_status":{"type":["set",["object",{"error":["set",["object",{"description":"string","status":"string","type":"string"}]],"response":["set",["object",{"failure_reason":"string","last_backup_time":"string","status":"string"}]]}]],"description":"Details about the last backup that took place for this database","description_kind":"markdown","computed":true},"latest_import_status":{"type":["set",["object",{"error":["set",["object",{"description":"string","status":"string","type":"string"}]],"response":["set",["object",{"failure_reason":"string","failure_reason_params":["list",["object",{"key":"string","value":"string"}]],"last_import_time":"string","status":"string"}]]}]],"description":"Details about the last import that took place for this active-active database","description_kind":"markdown","computed":true},"memory_limit_in_gb":{"type":"number","description":"The maximum memory usage for the database","description_kind":"markdown","computed":true},"module":{"type":["set",["object",{"name":"string"}]],"description":"Redis modules that have been enabled on the database","description_kind":"markdown","computed":true},"name":{"type":"string","description":"The name of the database to filter returned databases","description_kind":"markdown","optional":true,"computed":true},"password":{"type":"string","description":"The password used to access the database - not present on `memcached` protocol databases","description_kind":"markdown","computed":true,"sensitive":true},"private_endpoint":{"type":"string","description":"Private endpoint to access the database","description_kind":"markdown","computed":true},"protocol":{"type":"string","description":"The protocol of the database to filter returned databases","description_kind":"markdown","optional":true,"computed":true},"public_endpoint":{"type":"string","description":"Public endpoint to access the database","description_kind":"markdown","computed":true},"query_performance_factor":{"type":"string","description":"Query performance factor for this specific database","description_kind":"markdown","computed":true},"redis_version":{"type":"string","description":"The redis version of the database","description_kind":"markdown","computed":true},"region":{"type":"string","description":"The region of the database to filter returned databases","description_kind":"markdown","optional":true,"computed":true},"replica_of":{"type":["set","string"],"description":"The set of Redis database URIs, in the format `redis://user:password@host:port`, that this database will be a replica of","description_kind":"markdown","computed":true},"replication":{"type":"bool","description":"Database replication","description_kind":"markdown","computed":true},"resp_version":{"type":"string","description":"The database's RESP version","description_kind":"markdown","computed":true},"subscription_id":{"type":"string","description":"ID of the subscription that the database belongs to","description_kind":"markdown","required":true},"support_oss_cluster_api":{"type":"bool","description":"Supports the Redis open-source (OSS) Cluster API","description_kind":"markdown","computed":true},"tags":{"type":["map","string"],"description":"Tags for database management","description_kind":"markdown","computed":true},"throughput_measurement_by":{"type":"string","description":"The throughput measurement method","description_kind":"markdown","computed":true},"throughput_measurement_value":{"type":"number","description":"The throughput value","description_kind":"markdown","computed":true}},"description":"The Pro Database data source allows access to the details of an existing database within your Redis Enterprise Cloud account.","description_kind":"markdown"}},"rediscloud_database_modules":{"version":0,"block":{"attributes":{"id":{"type":"string","description_kind":"plain","optional":true,"computed":true},"modules":{"type":["set",["object",{"description":"string","name":"string"}]],"description":"A list of database modules","description_kind":"markdown","computed":true}},"description":"The Database data source allows access to the details of an existing database within your Redis Enterprise Cloud account.","description_kind":"markdown"}},"rediscloud_essentials_database":{"version":0,"block":{"attributes":{"activated_on":{"type":"string","description":"When this database was activated","description_kind":"markdown","computed":true},"alert":{"type":["set",["object",{"name":"string","value":"number"}]],"description":"Set of alerts to enable on the database","description_kind":"markdown","computed":true},"client_tls_certificates":{"type":["list","string"],"description_kind":"plain","computed":true},"cloud_provider":{"type":"string","description":"The Cloud Provider hosting this database","description_kind":"markdown","computed":true},"data_eviction":{"type":"string","description":"The data items eviction policy (either: 'allkeys-lru', 'allkeys-lfu', 'allkeys-random', 'volatile-lru', 'volatile-lfu', 'volatile-random', 'volatile-ttl' or 'noeviction'. Default: 'volatile-lru')","description_kind":"markdown","computed":true},"data_persistence":{"type":"string","description":"Rate of database data persistence (in persistent storage).","description_kind":"markdown","computed":true},"db_id":{"type":"number","description":"Identifier of the database created","description_kind":"markdown","optional":true,"computed":true},"enable_database_clustering":{"type":"bool","description":"Distributes database data to different cloud instances","description_kind":"markdown","computed":true},"enable_default_user":{"type":"bool","description":"When 'true', enables connecting to the database with the 'default' user. Default: 'true'","description_kind":"markdown","computed":true},"enable_tls":{"type":"bool","description":"Use TLS for authentication","description_kind":"markdown","computed":true},"external_endpoint_for_oss_cluster_api":{"type":"bool","description":"Should use the external endpoint for open-source (OSS) Cluster API","description_kind":"markdown","computed":true},"id":{"type":"string","description_kind":"plain","optional":true,"computed":true},"latest_backup_status":{"type":["set",["object",{"error":["set",["object",{"description":"string","status":"string","type":"string"}]],"response":["set",["object",{"failure_reason":"string","last_backup_time":"string","status":"string"}]]}]],"description":"Details about the last backup that took place for this database","description_kind":"markdown","computed":true},"latest_import_status":{"type":["set",["object",{"error":["set",["object",{"description":"string","status":"string","type":"string"}]],"response":["set",["object",{"failure_reason":"string","failure_reason_params":["list",["object",{"key":"string","value":"string"}]],"last_import_time":"string","status":"string"}]]}]],"description":"Details about the last import that took place for this active-active database","description_kind":"markdown","computed":true},"memory_limit_in_gb":{"type":"number","description":"Maximum memory usage for this specific database","description_kind":"markdown","computed":true},"modules":{"type":["set",["object",{"name":"string"}]],"description":"Modules to be provisioned in the database","description_kind":"markdown","computed":true},"name":{"type":"string","description":"A meaningful name to identify the database","description_kind":"markdown","optional":true,"computed":true},"password":{"type":"string","description":"Password used to access the database. If left empty, the password will be generated automatically","description_kind":"markdown","computed":true,"sensitive":true},"periodic_backup_path":{"type":"string","description":"Path that will be used to store database backup files","description_kind":"markdown","computed":true},"private_endpoint":{"type":"string","description":"Private endpoint to access the database","description_kind":"markdown","computed":true},"protocol":{"type":"string","description":"The protocol that will be used to access the database, (either ‘redis’, 'memcached’ or 'stack')","description_kind":"markdown","computed":true},"public_endpoint":{"type":"string","description":"Public endpoint to access the database","description_kind":"markdown","computed":true},"redis_version_compliance":{"type":"string","description":"The compliance level (redis version) of this database","description_kind":"markdown","computed":true},"regex_rules":{"type":["list","string"],"description":"Shard regex rules. Relevant only for a sharded database","description_kind":"markdown","computed":true},"region":{"type":"string","description":"The region within the Cloud Provider where this database is hosted","description_kind":"markdown","computed":true},"replica":{"type":["set",["object",{"sync_source":["set",["object",{"encryption":"bool","endpoint":"string","server_cert":"string"}]]}]],"description":"Details of database replication","description_kind":"markdown","computed":true},"replication":{"type":"bool","description":"Database's replication","description_kind":"markdown","computed":true},"resp_version":{"type":"string","description":"RESP version must be compatible with Redis version.","description_kind":"markdown","computed":true},"source_ips":{"type":["set","string"],"description":"Set of CIDR addresses to allow access to the database","description_kind":"markdown","computed":true},"subscription_id":{"type":"number","description":"Identifier of the essentials subscription","description_kind":"markdown","required":true},"support_oss_cluster_api":{"type":"bool","description":"Support Redis open-source (OSS) Cluster API","description_kind":"markdown","computed":true},"tags":{"type":["map","string"],"description":"Tags for database management","description_kind":"markdown","computed":true}},"description":"The Essentials Database data source allows access to the details of an existing database within your Redis Enterprise Cloud account.","description_kind":"markdown"}},"rediscloud_essentials_plan":{"version":0,"block":{"attributes":{"availability":{"type":"string","description":"'No replication', 'Single-zone' or 'Multi-zone'","description_kind":"markdown","optional":true,"computed":true},"cidr_allow_rules":{"type":"number","description":"Self-explanatory","description_kind":"markdown","computed":true},"cloud_provider":{"type":"string","description":"The cloud provider: 'AWS', 'GCP' or 'Azure'","description_kind":"markdown","optional":true,"computed":true},"connections":{"type":"string","description":"Self-explanatory","description_kind":"markdown","computed":true},"customer_support":{"type":"string","description":"Level of customer support available e.g. 'Basic', 'Standard'","description_kind":"markdown","computed":true},"id":{"type":"number","description":"The plan's unique identifier","description_kind":"markdown","optional":true,"computed":true},"maximum_bandwidth_in_gb":{"type":"number","description":"Self-explanatory","description_kind":"markdown","computed":true},"maximum_databases":{"type":"number","description":"Self-explanatory","description_kind":"markdown","computed":true},"maximum_throughput":{"type":"number","description":"Self-explanatory","description_kind":"markdown","computed":true},"name":{"type":"string","description":"A convenient name for the plan. Not guaranteed to be unique, especially across provider/region","description_kind":"markdown","optional":true,"computed":true},"price":{"type":"number","description":"The plan's cost","description_kind":"markdown","computed":true},"price_currency":{"type":"string","description":"Self-explanatory","description_kind":"markdown","computed":true},"price_period":{"type":"string","description":"Self-explanatory, usually 'Month'","description_kind":"markdown","computed":true},"region":{"type":"string","description":"The region to place databases in, format and availability dependent on cloud_provider","description_kind":"markdown","optional":true,"computed":true},"region_id":{"type":"number","description":"An internal, unique-across-cloud-providers id for database region","description_kind":"markdown","computed":true},"size":{"type":"number","description":"The capacity of databases created in this plan","description_kind":"markdown","optional":true,"computed":true},"size_measurement_unit":{"type":"string","description":"The units of 'size', usually 'MB' or 'GB'","description_kind":"markdown","optional":true,"computed":true},"subscription_id":{"type":"number","description":"Filter plans by what is available for a given subscription","description_kind":"markdown","optional":true},"support_clustering":{"type":"bool","description":"Self-explanatory","description_kind":"markdown","computed":true},"support_data_persistence":{"type":"bool","description":"Self-explanatory","description_kind":"markdown","optional":true,"computed":true},"support_instant_and_daily_backups":{"type":"bool","description":"Self-explanatory","description_kind":"markdown","computed":true},"support_replication":{"type":"bool","description":"Self-explanatory","description_kind":"markdown","optional":true,"computed":true},"supported_alerts":{"type":["list","string"],"description":"List of the type of alerts supported by databases in this plan","description_kind":"markdown","computed":true}},"description":"An Essentials subscription plan","description_kind":"markdown"}},"rediscloud_essentials_subscription":{"version":0,"block":{"attributes":{"creation_date":{"type":"string","description":"The date/time this subscription was created","description_kind":"markdown","computed":true},"id":{"type":"number","description":"The subscription's id","description_kind":"markdown","optional":true,"computed":true},"name":{"type":"string","description":"A meaningful name to identify the subscription","description_kind":"markdown","optional":true,"computed":true},"payment_method_id":{"type":"number","description":"The identifier of the method which will be charged for this subscription. Not required for free plans","description_kind":"markdown","computed":true},"plan_id":{"type":"number","description":"The identifier of the plan to template the subscription","description_kind":"markdown","computed":true},"status":{"type":"string","description":"The status of this subscription","description_kind":"markdown","computed":true}},"description":"Watches an Essentials Subscription within your Redis Enterprise Cloud Account.","description_kind":"markdown"}},"rediscloud_payment_method":{"version":0,"block":{"attributes":{"card_type":{"type":"string","description":"Type of card that the payment method should be, such as `Visa`","description_kind":"markdown","optional":true,"computed":true},"exclude_expired":{"type":"bool","description":"Whether to exclude any expired cards or not","description_kind":"markdown","optional":true},"id":{"type":"string","description_kind":"plain","optional":true,"computed":true},"last_four_numbers":{"type":"string","description":"Last four numbers of the card of the payment method","description_kind":"markdown","optional":true,"computed":true}},"description":"The Payment Method data source allows access to the ID of a Payment Method configured against your Redis Enterprise Cloud account. This ID can be used when creating Subscription resources.","description_kind":"markdown"}},"rediscloud_private_link":{"version":0,"block":{"attributes":{"connections":{"type":["set",["object",{"association_date":"string","association_id":"string","connection_id":"string","connection_type":"string","owner_id":"string"}]],"description":"Connections attached to this PrivateLink","description_kind":"markdown","computed":true},"databases":{"type":["set",["object",{"database_id":"number","port":"number","resource_link_endpoint":"string"}]],"description":"The databases attached to this PrivateLink","description_kind":"markdown","computed":true},"id":{"type":"string","description_kind":"plain","optional":true,"computed":true},"principals":{"type":["set",["object",{"principal":"string","principal_alias":"string","principal_type":"string"}]],"description":"List of principals attached to this PrivateLink","description_kind":"markdown","computed":true},"resource_configuration_arn":{"type":"string","description":"ARN of the resource configuration attached to this PrivateLink","description_kind":"markdown","computed":true},"resource_configuration_id":{"type":"string","description":"ID of the resource configuration to attach to this PrivateLink","description_kind":"markdown","computed":true},"share_arn":{"type":"string","description":"ARN of the share to attach to this Private Link","description_kind":"markdown","computed":true},"share_name":{"type":"string","description":"ARN of the share to attach to this PrivateLink","description_kind":"markdown","computed":true},"subscription_id":{"type":"string","description":"The ID of a Pro subscription","description_kind":"markdown","required":true}},"description":"The Private Link data source allows access to an available Pro Subscription Private Link within your Redis Enterprise Cloud Account.","description_kind":"markdown"}},"rediscloud_private_link_endpoint_script":{"version":0,"block":{"attributes":{"endpoint_script":{"type":"string","description":"The endpoint script for the PrivateLink","description_kind":"markdown","computed":true},"id":{"type":"string","description_kind":"plain","optional":true,"computed":true},"subscription_id":{"type":"string","description":"The ID of a Pro subscription","description_kind":"markdown","required":true}},"description":"The PrivateLink Endpoint Script data source allows users to request an endpoint script for a pro subscription PrivateLink","description_kind":"markdown"}},"rediscloud_private_service_connect":{"version":0,"block":{"attributes":{"connection_host_name":{"type":"string","description":"The connection host name","description_kind":"markdown","computed":true},"id":{"type":"string","description_kind":"plain","optional":true,"computed":true},"private_service_connect_service_id":{"type":"number","description":"The ID of the Private Service Connect Service relative to the associated subscription","description_kind":"markdown","computed":true},"service_attachment_name":{"type":"string","description":"The service attachment name","description_kind":"markdown","computed":true},"status":{"type":"string","description":"The Private Service Connect status","description_kind":"markdown","computed":true},"subscription_id":{"type":"string","description":"The ID of a Pro subscription","description_kind":"markdown","required":true}},"description":"The Private Service Connect data source allows access to an available Private Service Connect Service within your Redis Enterprise Cloud Account.","description_kind":"markdown"}},"rediscloud_private_service_connect_endpoints":{"version":0,"block":{"attributes":{"endpoints":{"type":["list",["object",{"endpoint_connection_name":"string","gcp_project_id":"string","gcp_vpc_name":"string","gcp_vpc_subnet_name":"string","private_service_connect_endpoint_id":"number","service_attachments":["list",["object",{"dns_record":"string","forwarding_rule_name":"string","ip_address_name":"string","name":"string"}]],"status":"string"}]],"description_kind":"plain","computed":true},"id":{"type":"string","description_kind":"plain","optional":true,"computed":true},"private_service_connect_service_id":{"type":"number","description":"The ID of the Private Service Connect Service relative to the associated subscription","description_kind":"markdown","required":true},"subscription_id":{"type":"string","description":"The ID of a Pro subscription","description_kind":"markdown","required":true}},"description":"The Private Service Connect Endpoints data source allows access to an available endpoints on a Private Service Connect Service within your Redis Enterprise Cloud Account.","description_kind":"markdown"}},"rediscloud_regions":{"version":0,"block":{"attributes":{"id":{"type":"string","description_kind":"plain","optional":true,"computed":true},"provider_name":{"type":"string","description":"The name of the cloud provider to filter returned regions, (accepted values are `AWS` or `GCP`).","description_kind":"markdown","optional":true},"regions":{"type":["set",["object",{"name":"string","provider_name":"string"}]],"description":"A list of regions from either a single or multiple cloud providers","description_kind":"markdown","computed":true}},"description":"The Regions data source allows access to a list of supported cloud provider regions. These regions can be used with the subscription resource.","description_kind":"markdown"}},"rediscloud_subscription":{"version":0,"block":{"attributes":{"cloud_provider":{"type":["list",["object",{"cloud_account_id":"string","provider":"string","region":["set",["object",{"multiple_availability_zones":"bool","networking_vpc_id":"string","networks":["list",["object",{"networking_deployment_cidr":"string","networking_subnet_id":"string","networking_vpc_id":"string"}]],"preferred_availability_zones":["list","string"],"region":"string"}]]}]],"description":"A cloud provider object","description_kind":"markdown","computed":true},"id":{"type":"string","description_kind":"plain","optional":true,"computed":true},"maintenance_windows":{"type":["list",["object",{"mode":"string","window":["list",["object",{"days":["list","string"],"duration_in_hours":"number","start_hour":"number"}]]}]],"description":"Details about the subscription's maintenance window specification","description_kind":"markdown","computed":true},"memory_storage":{"type":"string","description":"Memory storage preference: either ‘ram’ or a combination of 'ram-and-flash’","description_kind":"markdown","computed":true},"name":{"type":"string","description":"The name of the subscription to filter returned subscriptions","description_kind":"markdown","optional":true,"computed":true},"number_of_databases":{"type":"number","description":"The number of databases that are linked to this subscription","description_kind":"markdown","computed":true},"payment_method":{"type":"string","description":"Payment method for the requested subscription. Either 'credit-card' or 'marketplace'","description_kind":"markdown","computed":true},"payment_method_id":{"type":"string","description":"A valid payment method pre-defined in the current account","description_kind":"markdown","computed":true},"pricing":{"type":["list",["object",{"database_name":"string","price_currency":"string","price_per_unit":"number","price_period":"string","quantity":"number","quantity_measurement":"string","region":"string","type":"string","type_details":"string"}]],"description":"Pricing details totalled over this Subscription","description_kind":"markdown","computed":true},"status":{"type":"string","description":"Current status of the subscription","description_kind":"markdown","computed":true}},"description":"The Pro Subscription data source allows access to the details of an existing pro subscription within your Redis Enterprise Cloud account.","description_kind":"markdown"}},"rediscloud_subscription_peerings":{"version":0,"block":{"attributes":{"id":{"type":"string","description_kind":"plain","optional":true,"computed":true},"peerings":{"type":["set",["object",{"aws_account_id":"string","aws_peering_id":"string","gcp_network_name":"string","gcp_peering_id":"string","gcp_project_id":"string","gcp_redis_network_name":"string","gcp_redis_project_id":"string","peering_id":"number","provider_name":"string","region":"string","status":"string","vpc_cidr":"string","vpc_id":"string"}]],"description":"A list of VPC peerings from either a single or multiple cloud providers","description_kind":"markdown","computed":true},"status":{"type":"string","description":"Current status of the account - `initiating-request`, `pending-acceptance`, `active`, `inactive` or `failed`","description_kind":"markdown","optional":true},"subscription_id":{"type":"string","description":"A valid subscription predefined in the current account","description_kind":"markdown","required":true}},"description":"The Subscription Peerings data source allows access to a list of VPC peerings configured on the subscription.","description_kind":"markdown"}},"rediscloud_transit_gateway":{"version":0,"block":{"attributes":{"attachment_status":{"type":"string","description":"The status of the Subscription/Transit Gateway attachment, if any","description_kind":"markdown","computed":true},"attachment_uid":{"type":"string","description":"A unique identifier for the Subscription/Transit Gateway attachment, if any","description_kind":"markdown","computed":true},"aws_account_id":{"type":"string","description":"The Transit Gateway's AWS account id","description_kind":"markdown","computed":true},"aws_tgw_uid":{"type":"string","description":"The id of the Transit Gateway as known to AWS","description_kind":"markdown","optional":true,"computed":true},"cidrs":{"type":["list","string"],"description":"A list of consumer Cidr blocks, if an attachment exists","description_kind":"markdown","computed":true},"id":{"type":"string","description_kind":"plain","optional":true,"computed":true},"status":{"type":"string","description":"The status of the Transit Gateway","description_kind":"markdown","computed":true},"subscription_id":{"type":"string","description":"The id of a Pro/Flexible subscription","description_kind":"markdown","required":true},"tgw_id":{"type":"number","description":"The id of the Transit Gateway relative to the associated subscription","description_kind":"markdown","optional":true,"computed":true}},"description":"The Transit Gateway data source allows access to an available Transit Gateway within your Redis Enterprise Cloud Account.","description_kind":"markdown"}}}}}}
